
Microsoft Visual Studio Solution File, Format Version 12.00
# Visual Studio 15
VisualStudioVersion = 15.0.28307.645
MinimumVisualStudioVersion = 10.0.40219.1
Project("{FAE04EC0-301F-11D3-BF4B-00C04F79EFBC}") = "Klausur", "Klausur\Klausur.csproj", "{C53FB77F-1953-461F-8957-F9DFF38B84A6}"
EndProject
Global
	GlobalSection(SolutionConfigurationPlatforms) = preSolution
		Debug|Any CPU = Debug|Any CPU
		Release|Any CPU = Release|Any CPU
	EndGlobalSection
	GlobalSection(ProjectConfigurationPlatforms) = postSolution
		{C53FB77F-1953-461F-8957-F9DFF38B84A6}.Debug|Any CPU.ActiveCfg = Debug|Any CPU
		{C53FB77F-1953-461F-8957-F9DFF38B84A6}.Debug|Any CPU.Build.0 = Debug|Any CPU
		{C53FB77F-1953-461F-8957-F9DFF38B84A6}.Release|Any CPU.ActiveCfg = Release|Any CPU
		{C53FB77F-1953-461F-8957-F9DFF38B84A6}.Release|Any CPU.Build.0 = Release|Any CPU
	EndGlobalSection
	GlobalSection(SolutionProperties) = preSolution
		HideSolutionNode = FALSE
	EndGlobalSection
	GlobalSection(ExtensibilityGlobals) = postSolution
		SolutionGuid = {1313EF3B-FE61-49F0-9632-EEB428E09480}
	EndGlobalSection
EndGlobal
